
Microsoft Visual Studio Solution File, Format Version 12.00
# Visual Studio Version 16
VisualStudioVersion = 16.0.30907.101
MinimumVisualStudioVersion = 10.0.40219.1
Project("{FAE04EC0-301F-11D3-BF4B-00C04F79EFBC}") = "ClassMetotDemo", "ClassMetotDemo\ClassMetotDemo.csproj", "{F73BB4D2-385E-4783-860A-5D4E201CBBF7}"
EndProject
Global
	GlobalSection(SolutionConfigurationPlatforms) = preSolution
		Debug|Any CPU = Debug|Any CPU
		Release|Any CPU = Release|Any CPU
	EndGlobalSection
	GlobalSection(ProjectConfigurationPlatforms) = postSolution
		{F73BB4D2-385E-4783-860A-5D4E201CBBF7}.Debug|Any CPU.ActiveCfg = Debug|Any CPU
		{F73BB4D2-385E-4783-860A-5D4E201CBBF7}.Debug|Any CPU.Build.0 = Debug|Any CPU
		{F73BB4D2-385E-4783-860A-5D4E201CBBF7}.Release|Any CPU.ActiveCfg = Release|Any CPU
		{F73BB4D2-385E-4783-860A-5D4E201CBBF7}.Release|Any CPU.Build.0 = Release|Any CPU
	EndGlobalSection
	GlobalSection(SolutionProperties) = preSolution
		HideSolutionNode = FALSE
	EndGlobalSection
	GlobalSection(ExtensibilityGlobals) = postSolution
		SolutionGuid = {53391EBE-28D0-49F6-98E9-C9DAFF270EB7}
	EndGlobalSection
EndGlobal
